// !$*UTF8*$!
{
	archiveVersion = 1;
	classes = {
	};
	objectVersion = 77;
	objects = {

/* Begin PBXBuildFile section */
		CA13A1B12F9749BE001B6E19 /* PrintixSendCore in Frameworks */ = {isa = PBXBuildFile; productRef = CA13A1B02F9749BE001B6E19 /* PrintixSendCore */; };
		CA13A1B42F974A47001B6E19 /* PrintixSendCore in Frameworks */ = {isa = PBXBuildFile; productRef = CA13A1B32F974A47001B6E19 /* PrintixSendCore */; };
		CA4D33F22F27A11C00850FC2 /* PrintixShareExtension.appex in Embed Foundation Extensions */ = {isa = PBXBuildFile; fileRef = CA4D33E82F27A11C00850FC2 /* PrintixShareExtension.appex */; settings = {ATTRIBUTES = (RemoveHeadersOnCopy, ); }; };
/* End PBXBuildFile section */

/* Begin PBXContainerItemProxy section */
		CA4D33F02F27A11C00850FC2 /* PBXContainerItemProxy */ = {
			isa = PBXContainerItemProxy;
			containerPortal = CA17DD202F24BB4F00DC2502 /* Project object */;
			proxyType = 1;
			remoteGlobalIDString = CA4D33E72F27A11C00850FC2;
			remoteInfo = PrintixShareExtension;
		};
/* End PBXContainerItemProxy section */

/* Begin PBXCopyFilesBuildPhase section */
		CA1061922F2768B4006F681D /* Embed Foundation Extensions */ = {
			isa = PBXCopyFilesBuildPhase;
			buildActionMask = 2147483647;
			dstPath = "";
			dstSubfolderSpec = 13;
			files = (
				CA4D33F22F27A11C00850FC2 /* PrintixShareExtension.appex in Embed Foundation Extensions */,
			);
			name = "Embed Foundation Extensions";
			runOnlyForDeploymentPostprocessing = 0;
		};
/* End PBXCopyFilesBuildPhase section */

/* Begin PBXFileReference section */
		CA17DD282F24BB4F00DC2502 /* Printix MobilePrint.app */ = {isa = PBXFileReference; explicitFileType = wrapper.application; includeInIndex = 0; path = "Printix MobilePrint.app"; sourceTree = BUILT_PRODUCTS_DIR; };
		CA4D33E82F27A11C00850FC2 /* PrintixShareExtension.appex */ = {isa = PBXFileReference; explicitFileType = "wrapper.app-extension"; includeInIndex = 0; path = PrintixShareExtension.appex; sourceTree = BUILT_PRODUCTS_DIR; };
/* End PBXFileReference section */

/* Begin PBXFileSystemSynchronizedBuildFileExceptionSet section */
		CA4D33F32F27A11C00850FC2 /* Exceptions for "PrintixShareExtension" folder in "PrintixShareExtension" target */ = {
			isa = PBXFileSystemSynchronizedBuildFileExceptionSet;
			membershipExceptions = (
				Info.plist,
			);
			target = CA4D33E72F27A11C00850FC2 /* PrintixShareExtension */;
		};
/* End PBXFileSystemSynchronizedBuildFileExceptionSet section */

/* Begin PBXFileSystemSynchronizedRootGroup section */
		CA17DD2A2F24BB4F00DC2502 /* Printix MobilePrint */ = {
			isa = PBXFileSystemSynchronizedRootGroup;
			path = "Printix MobilePrint";
			sourceTree = "<group>";
		};
		CA4D33E92F27A11C00850FC2 /* PrintixShareExtension */ = {
			isa = PBXFileSystemSynchronizedRootGroup;
			exceptions = (
				CA4D33F32F27A11C00850FC2 /* Exceptions for "PrintixShareExtension" folder in "PrintixShareExtension" target */,
			);
			path = PrintixShareExtension;
			sourceTree = "<group>";
		};
/* End PBXFileSystemSynchronizedRootGroup section */

/* Begin PBXFrameworksBuildPhase section */
		CA17DD252F24BB4F00DC2502 /* Frameworks */ = {
			isa = PBXFrameworksBuildPhase;
			buildActionMask = 2147483647;
			files = (
				CA13A1B12F9749BE001B6E19 /* PrintixSendCore in Frameworks */,
			);
			runOnlyForDeploymentPostprocessing = 0;
		};
		CA4D33E52F27A11C00850FC2 /* Frameworks */ = {
			isa = PBXFrameworksBuildPhase;
			buildActionMask = 2147483647;
			files = (
				CA13A1B42F974A47001B6E19 /* PrintixSendCore in Frameworks */,
			);
			runOnlyForDeploymentPostprocessing = 0;
		};
/* End PBXFrameworksBuildPhase section */

/* Begin PBXGroup section */
		CA13A1B22F974A47001B6E19 /* Frameworks */ = {
			isa = PBXGroup;
			children = (
			);
			name = Frameworks;
			sourceTree = "<group>";
		};
		CA17DD1F2F24BB4F00DC2502 = {
			isa = PBXGroup;
			children = (
				CA17DD2A2F24BB4F00DC2502 /* Printix MobilePrint */,
				CA4D33E92F27A11C00850FC2 /* PrintixShareExtension */,
				CA13A1B22F974A47001B6E19 /* Frameworks */,
				CA17DD292F24BB4F00DC2502 /* Products */,
			);
			sourceTree = "<group>";
		};
		CA17DD292F24BB4F00DC2502 /* Products */ = {
			isa = PBXGroup;
			children = (
				CA17DD282F24BB4F00DC2502 /* Printix MobilePrint.app */,
				CA4D33E82F27A11C00850FC2 /* PrintixShareExtension.appex */,
			);
			name = Products;
			sourceTree = "<group>";
		};
/* End PBXGroup section */

/* Begin PBXNativeTarget section */
		CA17DD272F24BB4F00DC2502 /* Printix MobilePrint */ = {
			isa = PBXNativeTarget;
			buildConfigurationList = CA17DD332F24BB4F00DC2502 /* Build configuration list for PBXNativeTarget "Printix MobilePrint" */;
			buildPhases = (
				CA17DD242F24BB4F00DC2502 /* Sources */,
				CA17DD252F24BB4F00DC2502 /* Frameworks */,
				CA17DD262F24BB4F00DC2502 /* Resources */,
				CA1061922F2768B4006F681D /* Embed Foundation Extensions */,
			);
			buildRules = (
			);
			dependencies = (
				CA4D33F12F27A11C00850FC2 /* PBXTargetDependency */,
			);
			fileSystemSynchronizedGroups = (
				CA17DD2A2F24BB4F00DC2502 /* Printix MobilePrint */,
			);
			name = "Printix MobilePrint";
			packageProductDependencies = (
				CA13A1B02F9749BE001B6E19 /* PrintixSendCore */,
			);
			productName = "Printix MobilePrint";
			productReference = CA17DD282F24BB4F00DC2502 /* Printix MobilePrint.app */;
			productType = "com.apple.product-type.application";
		};
		CA4D33E72F27A11C00850FC2 /* PrintixShareExtension */ = {
			isa = PBXNativeTarget;
			buildConfigurationList = CA4D33F42F27A11C00850FC2 /* Build configuration list for PBXNativeTarget "PrintixShareExtension" */;
			buildPhases = (
				CA4D33E42F27A11C00850FC2 /* Sources */,
				CA4D33E52F27A11C00850FC2 /* Frameworks */,
				CA4D33E62F27A11C00850FC2 /* Resources */,
			);
			buildRules = (
			);
			dependencies = (
			);
			fileSystemSynchronizedGroups = (
				CA4D33E92F27A11C00850FC2 /* PrintixShareExtension */,
			);
			name = PrintixShareExtension;
			packageProductDependencies = (
				CA13A1B32F974A47001B6E19 /* PrintixSendCore */,
			);
			productName = PrintixShareExtension;
			productReference = CA4D33E82F27A11C00850FC2 /* PrintixShareExtension.appex */;
			productType = "com.apple.product-type.app-extension";
		};
/* End PBXNativeTarget section */

/* Begin PBXProject section */
		CA17DD202F24BB4F00DC2502 /* Project object */ = {
			isa = PBXProject;
			attributes = {
				BuildIndependentTargetsInParallel = 1;
				LastSwiftUpdateCheck = 2620;
				LastUpgradeCheck = 2620;
				TargetAttributes = {
					CA17DD272F24BB4F00DC2502 = {
						CreatedOnToolsVersion = 26.2;
					};
					CA4D33E72F27A11C00850FC2 = {
						CreatedOnToolsVersion = 26.2;
					};
				};
			};
			buildConfigurationList = CA17DD232F24BB4F00DC2502 /* Build configuration list for PBXProject "Printix MobilePrint" */;
			developmentRegion = de;
			hasScannedForEncodings = 0;
			knownRegions = (
				de,
				en,
				es,
				fr,
				it,
				nl,
				nb,
				sv,
				Base,
			);
			mainGroup = CA17DD1F2F24BB4F00DC2502;
			minimizedProjectReferenceProxies = 1;
			packageReferences = (
				CA13A1AF2F9749BE001B6E19 /* XCLocalSwiftPackageReference "../../macos-client" */,
			);
			preferredProjectObjectVersion = 77;
			productRefGroup = CA17DD292F24BB4F00DC2502 /* Products */;
			projectDirPath = "";
			projectRoot = "";
			targets = (
				CA17DD272F24BB4F00DC2502 /* Printix MobilePrint */,
				CA4D33E72F27A11C00850FC2 /* PrintixShareExtension */,
			);
		};
/* End PBXProject section */

/* Begin PBXResourcesBuildPhase section */
		CA17DD262F24BB4F00DC2502 /* Resources */ = {
			isa = PBXResourcesBuildPhase;
			buildActionMask = 2147483647;
			files = (
			);
			runOnlyForDeploymentPostprocessing = 0;
		};
		CA4D33E62F27A11C00850FC2 /* Resources */ = {
			isa = PBXResourcesBuildPhase;
			buildActionMask = 2147483647;
			files = (
			);
			runOnlyForDeploymentPostprocessing = 0;
		};
/* End PBXResourcesBuildPhase section */

/* Begin PBXSourcesBuildPhase section */
		CA17DD242F24BB4F00DC2502 /* Sources */ = {
			isa = PBXSourcesBuildPhase;
			buildActionMask = 2147483647;
			files = (
			);
			runOnlyForDeploymentPostprocessing = 0;
		};
		CA4D33E42F27A11C00850FC2 /* Sources */ = {
			isa = PBXSourcesBuildPhase;
			buildActionMask = 2147483647;
			files = (
			);
			runOnlyForDeploymentPostprocessing = 0;
		};
/* End PBXSourcesBuildPhase section */

/* Begin PBXTargetDependency section */
		CA4D33F12F27A11C00850FC2 /* PBXTargetDependency */ = {
			isa = PBXTargetDependency;
			target = CA4D33E72F27A11C00850FC2 /* PrintixShareExtension */;
			targetProxy = CA4D33F02F27A11C00850FC2 /* PBXContainerItemProxy */;
		};
/* End PBXTargetDependency section */

/* Begin XCBuildConfiguration section */
		CA17DD312F24BB4F00DC2502 /* Debug */ = {
			isa = XCBuildConfiguration;
			buildSettings = {
				ALWAYS_SEARCH_USER_PATHS = NO;
				ASSETCATALOG_COMPILER_GENERATE_SWIFT_ASSET_SYMBOL_EXTENSIONS = YES;
				CLANG_ANALYZER_NONNULL = YES;
				CLANG_ANALYZER_NUMBER_OBJECT_CONVERSION = YES_AGGRESSIVE;
				CLANG_CXX_LANGUAGE_STANDARD = "gnu++20";
				CLANG_ENABLE_MODULES = YES;
				CLANG_ENABLE_OBJC_ARC = YES;
				CLANG_ENABLE_OBJC_WEAK = YES;
				CLANG_WARN_BLOCK_CAPTURE_AUTORELEASING = YES;
				CLANG_WARN_BOOL_CONVERSION = YES;
				CLANG_WARN_COMMA = YES;
				CLANG_WARN_CONSTANT_CONVERSION = YES;
				CLANG_WARN_DEPRECATED_OBJC_IMPLEMENTATIONS = YES;
				CLANG_WARN_DIRECT_OBJC_ISA_USAGE = YES_ERROR;
				CLANG_WARN_DOCUMENTATION_COMMENTS = YES;
				CLANG_WARN_EMPTY_BODY = YES;
				CLANG_WARN_ENUM_CONVERSION = YES;
				CLANG_WARN_INFINITE_RECURSION = YES;
				CLANG_WARN_INT_CONVERSION = YES;
				CLANG_WARN_NON_LITERAL_NULL_CONVERSION = YES;
				CLANG_WARN_OBJC_IMPLICIT_RETAIN_SELF = YES;
				CLANG_WARN_OBJC_LITERAL_CONVERSION = YES;
				CLANG_WARN_OBJC_ROOT_CLASS = YES_ERROR;
				CLANG_WARN_QUOTED_INCLUDE_IN_FRAMEWORK_HEADER = YES;
				CLANG_WARN_RANGE_LOOP_ANALYSIS = YES;
				CLANG_WARN_STRICT_PROTOTYPES = YES;
				CLANG_WARN_SUSPICIOUS_MOVE = YES;
				CLANG_WARN_UNGUARDED_AVAILABILITY = YES_AGGRESSIVE;
				CLANG_WARN_UNREACHABLE_CODE = YES;
				CLANG_WARN__DUPLICATE_METHOD_MATCH = YES;
				COPY_PHASE_STRIP = NO;
				DEBUG_INFORMATION_FORMAT = dwarf;
				ENABLE_STRICT_OBJC_MSGSEND = YES;
				ENABLE_TESTABILITY = YES;
				ENABLE_USER_SCRIPT_SANDBOXING = YES;
				GCC_C_LANGUAGE_STANDARD = gnu17;
				GCC_DYNAMIC_NO_PIC = NO;
				GCC_NO_COMMON_BLOCKS = YES;
				GCC_OPTIMIZATION_LEVEL = 0;
				GCC_PREPROCESSOR_DEFINITIONS = (
					"DEBUG=1",
					"$(inherited)",
				);
				GCC_WARN_64_TO_32_BIT_CONVERSION = YES;
				GCC_WARN_ABOUT_RETURN_TYPE = YES_ERROR;
				GCC_WARN_UNDECLARED_SELECTOR = YES;
				GCC_WARN_UNINITIALIZED_AUTOS = YES_AGGRESSIVE;
				GCC_WARN_UNUSED_FUNCTION = YES;
				GCC_WARN_UNUSED_VARIABLE = YES;
				IPHONEOS_DEPLOYMENT_TARGET = 26.2;
				LOCALIZATION_PREFERS_STRING_CATALOGS = YES;
				MTL_ENABLE_DEBUG_INFO = INCLUDE_SOURCE;
				MTL_FAST_MATH = YES;
				ONLY_ACTIVE_ARCH = YES;
				SDKROOT = iphoneos;
				SWIFT_ACTIVE_COMPILATION_CONDITIONS = "DEBUG $(inherited)";
				SWIFT_OPTIMIZATION_LEVEL = "-Onone";
			};
			name = Debug;
		};
		CA17DD322F24BB4F00DC2502 /* Release */ = {
			isa = XCBuildConfiguration;
			buildSettings = {
				ALWAYS_SEARCH_USER_PATHS = NO;
				ASSETCATALOG_COMPILER_GENERATE_SWIFT_ASSET_SYMBOL_EXTENSIONS = YES;
				CLANG_ANALYZER_NONNULL = YES;
				CLANG_ANALYZER_NUMBER_OBJECT_CONVERSION = YES_AGGRESSIVE;
				CLANG_CXX_LANGUAGE_STANDARD = "gnu++20";
				CLANG_ENABLE_MODULES = YES;
				CLANG_ENABLE_OBJC_ARC = YES;
				CLANG_ENABLE_OBJC_WEAK = YES;
				CLANG_WARN_BLOCK_CAPTURE_AUTORELEASING = YES;
				CLANG_WARN_BOOL_CONVERSION = YES;
				CLANG_WARN_COMMA = YES;
				CLANG_WARN_CONSTANT_CONVERSION = YES;
				CLANG_WARN_DEPRECATED_OBJC_IMPLEMENTATIONS = YES;
				CLANG_WARN_DIRECT_OBJC_ISA_USAGE = YES_ERROR;
				CLANG_WARN_DOCUMENTATION_COMMENTS = YES;
				CLANG_WARN_EMPTY_BODY = YES;
				CLANG_WARN_ENUM_CONVERSION = YES;
				CLANG_WARN_INFINITE_RECURSION = YES;
				CLANG_WARN_INT_CONVERSION = YES;
				CLANG_WARN_NON_LITERAL_NULL_CONVERSION = YES;
				CLANG_WARN_OBJC_IMPLICIT_RETAIN_SELF = YES;
				CLANG_WARN_OBJC_LITERAL_CONVERSION = YES;
				CLANG_WARN_OBJC_ROOT_CLASS = YES_ERROR;
				CLANG_WARN_QUOTED_INCLUDE_IN_FRAMEWORK_HEADER = YES;
				CLANG_WARN_RANGE_LOOP_ANALYSIS = YES;
				CLANG_WARN_STRICT_PROTOTYPES = YES;
				CLANG_WARN_SUSPICIOUS_MOVE = YES;
				CLANG_WARN_UNGUARDED_AVAILABILITY = YES_AGGRESSIVE;
				CLANG_WARN_UNREACHABLE_CODE = YES;
				CLANG_WARN__DUPLICATE_METHOD_MATCH = YES;
				COPY_PHASE_STRIP = NO;
				DEBUG_INFORMATION_FORMAT = "dwarf-with-dsym";
				ENABLE_NS_ASSERTIONS = NO;
				ENABLE_STRICT_OBJC_MSGSEND = YES;
				ENABLE_USER_SCRIPT_SANDBOXING = YES;
				GCC_C_LANGUAGE_STANDARD = gnu17;
				GCC_NO_COMMON_BLOCKS = YES;
				GCC_WARN_64_TO_32_BIT_CONVERSION = YES;
				GCC_WARN_ABOUT_RETURN_TYPE = YES_ERROR;
				GCC_WARN_UNDECLARED_SELECTOR = YES;
				GCC_WARN_UNINITIALIZED_AUTOS = YES_AGGRESSIVE;
				GCC_WARN_UNUSED_FUNCTION = YES;
				GCC_WARN_UNUSED_VARIABLE = YES;
				IPHONEOS_DEPLOYMENT_TARGET = 26.2;
				LOCALIZATION_PREFERS_STRING_CATALOGS = YES;
				MTL_ENABLE_DEBUG_INFO = NO;
				MTL_FAST_MATH = YES;
				SDKROOT = iphoneos;
				SWIFT_COMPILATION_MODE = wholemodule;
				VALIDATE_PRODUCT = YES;
			};
			name = Release;
		};
		CA17DD342F24BB4F00DC2502 /* Debug */ = {
			isa = XCBuildConfiguration;
			buildSettings = {
				ASSETCATALOG_COMPILER_APPICON_NAME = AppIcon;
				ASSETCATALOG_COMPILER_GLOBAL_ACCENT_COLOR_NAME = AccentColor;
				ASSETCATALOG_COMPILER_INCLUDE_ALL_APPICON_ASSETS = YES;
				CODE_SIGN_ENTITLEMENTS = "Printix MobilePrint/Printix MobilePrint.entitlements";
				CODE_SIGN_IDENTITY = "Apple Development";
				CODE_SIGN_STYLE = Automatic;
				CURRENT_PROJECT_VERSION = 4;
				DEVELOPMENT_TEAM = KQGPPH4S33;
				ENABLE_PREVIEWS = YES;
				GENERATE_INFOPLIST_FILE = YES;
				INFOPLIST_FILE = "Printix-MobilePrint-Info.plist";
				INFOPLIST_KEY_CFBundleDisplayName = "Printix MobilePrint ";
				INFOPLIST_KEY_LSApplicationCategoryType = "public.app-category.business";
				INFOPLIST_KEY_UIApplicationSceneManifest_Generation = YES;
				INFOPLIST_KEY_UIApplicationSupportsIndirectInputEvents = YES;
				INFOPLIST_KEY_UILaunchScreen_Generation = YES;
				INFOPLIST_KEY_UISupportedInterfaceOrientations_iPad = "UIInterfaceOrientationPortrait UIInterfaceOrientationPortraitUpsideDown UIInterfaceOrientationLandscapeLeft UIInterfaceOrientationLandscapeRight";
				INFOPLIST_KEY_UISupportedInterfaceOrientations_iPhone = "UIInterfaceOrientationPortrait UIInterfaceOrientationLandscapeLeft UIInterfaceOrientationLandscapeRight";
				LD_RUNPATH_SEARCH_PATHS = (
					"$(inherited)",
					"@executable_path/Frameworks",
				);
				MARKETING_VERSION = 1.7.6;
				PRODUCT_BUNDLE_IDENTIFIER = "TungstenAutomation.Printix-MobilePrint";
				PRODUCT_NAME = "$(TARGET_NAME)";
				PROVISIONING_PROFILE_SPECIFIER = "";
				STRING_CATALOG_GENERATE_SYMBOLS = YES;
				SWIFT_APPROACHABLE_CONCURRENCY = YES;
				SWIFT_DEFAULT_ACTOR_ISOLATION = MainActor;
				SWIFT_EMIT_LOC_STRINGS = YES;
				SWIFT_UPCOMING_FEATURE_MEMBER_IMPORT_VISIBILITY = YES;
				SWIFT_VERSION = 5.0;
				TARGETED_DEVICE_FAMILY = "1,2";
			};
			name = Debug;
		};
		CA17DD352F24BB4F00DC2502 /* Release */ = {
			isa = XCBuildConfiguration;
			buildSettings = {
				ASSETCATALOG_COMPILER_APPICON_NAME = AppIcon;
				ASSETCATALOG_COMPILER_GLOBAL_ACCENT_COLOR_NAME = AccentColor;
				ASSETCATALOG_COMPILER_INCLUDE_ALL_APPICON_ASSETS = YES;
				CODE_SIGN_ENTITLEMENTS = "Printix MobilePrint/Printix MobilePrint.entitlements";
				CODE_SIGN_IDENTITY = "Apple Development";
				CODE_SIGN_STYLE = Automatic;
				CURRENT_PROJECT_VERSION = 4;
				DEVELOPMENT_TEAM = KQGPPH4S33;
				ENABLE_PREVIEWS = YES;
				GENERATE_INFOPLIST_FILE = YES;
				INFOPLIST_FILE = "Printix-MobilePrint-Info.plist";
				INFOPLIST_KEY_CFBundleDisplayName = "Printix MobilePrint ";
				INFOPLIST_KEY_LSApplicationCategoryType = "public.app-category.business";
				INFOPLIST_KEY_UIApplicationSceneManifest_Generation = YES;
				INFOPLIST_KEY_UIApplicationSupportsIndirectInputEvents = YES;
				INFOPLIST_KEY_UILaunchScreen_Generation = YES;
				INFOPLIST_KEY_UISupportedInterfaceOrientations_iPad = "UIInterfaceOrientationPortrait UIInterfaceOrientationPortraitUpsideDown UIInterfaceOrientationLandscapeLeft UIInterfaceOrientationLandscapeRight";
				INFOPLIST_KEY_UISupportedInterfaceOrientations_iPhone = "UIInterfaceOrientationPortrait UIInterfaceOrientationLandscapeLeft UIInterfaceOrientationLandscapeRight";
				LD_RUNPATH_SEARCH_PATHS = (
					"$(inherited)",
					"@executable_path/Frameworks",
				);
				MARKETING_VERSION = 1.7.6;
				PRODUCT_BUNDLE_IDENTIFIER = "TungstenAutomation.Printix-MobilePrint";
				PRODUCT_NAME = "$(TARGET_NAME)";
				PROVISIONING_PROFILE_SPECIFIER = "";
				STRING_CATALOG_GENERATE_SYMBOLS = YES;
				SWIFT_APPROACHABLE_CONCURRENCY = YES;
				SWIFT_DEFAULT_ACTOR_ISOLATION = MainActor;
				SWIFT_EMIT_LOC_STRINGS = YES;
				SWIFT_UPCOMING_FEATURE_MEMBER_IMPORT_VISIBILITY = YES;
				SWIFT_VERSION = 5.0;
				TARGETED_DEVICE_FAMILY = "1,2";
			};
			name = Release;
		};
		CA4D33F52F27A11C00850FC2 /* Debug */ = {
			isa = XCBuildConfiguration;
			buildSettings = {
				CODE_SIGN_ENTITLEMENTS = PrintixShareExtension/PrintixShareExtension.entitlements;
				CODE_SIGN_STYLE = Automatic;
				CURRENT_PROJECT_VERSION = 4;
				DEVELOPMENT_TEAM = KQGPPH4S33;
				GENERATE_INFOPLIST_FILE = YES;
				INFOPLIST_FILE = PrintixShareExtension/Info.plist;
				INFOPLIST_KEY_CFBundleDisplayName = "Printix MobilePrint";
				INFOPLIST_KEY_NSHumanReadableCopyright = "";
				LD_RUNPATH_SEARCH_PATHS = (
					"$(inherited)",
					"@executable_path/Frameworks",
					"@executable_path/../../Frameworks",
				);
				MARKETING_VERSION = 1.7.6;
				PRODUCT_BUNDLE_IDENTIFIER = "TungstenAutomation.Printix-MobilePrint.PrintixShareExtension";
				PRODUCT_NAME = "$(TARGET_NAME)";
				SKIP_INSTALL = YES;
				STRING_CATALOG_GENERATE_SYMBOLS = YES;
				SWIFT_APPROACHABLE_CONCURRENCY = YES;
				SWIFT_EMIT_LOC_STRINGS = YES;
				SWIFT_UPCOMING_FEATURE_MEMBER_IMPORT_VISIBILITY = YES;
				SWIFT_VERSION = 5.0;
				TARGETED_DEVICE_FAMILY = "1,2";
			};
			name = Debug;
		};
		CA4D33F62F27A11C00850FC2 /* Release */ = {
			isa = XCBuildConfiguration;
			buildSettings = {
				CODE_SIGN_ENTITLEMENTS = PrintixShareExtension/PrintixShareExtension.entitlements;
				CODE_SIGN_STYLE = Automatic;
				CURRENT_PROJECT_VERSION = 4;
				DEVELOPMENT_TEAM = KQGPPH4S33;
				GENERATE_INFOPLIST_FILE = YES;
				INFOPLIST_FILE = PrintixShareExtension/Info.plist;
				INFOPLIST_KEY_CFBundleDisplayName = "Printix MobilePrint";
				INFOPLIST_KEY_NSHumanReadableCopyright = "";
				LD_RUNPATH_SEARCH_PATHS = (
					"$(inherited)",
					"@executable_path/Frameworks",
					"@executable_path/../../Frameworks",
				);
				MARKETING_VERSION = 1.7.6;
				PRODUCT_BUNDLE_IDENTIFIER = "TungstenAutomation.Printix-MobilePrint.PrintixShareExtension";
				PRODUCT_NAME = "$(TARGET_NAME)";
				SKIP_INSTALL = YES;
				STRING_CATALOG_GENERATE_SYMBOLS = YES;
				SWIFT_APPROACHABLE_CONCURRENCY = YES;
				SWIFT_EMIT_LOC_STRINGS = YES;
				SWIFT_UPCOMING_FEATURE_MEMBER_IMPORT_VISIBILITY = YES;
				SWIFT_VERSION = 5.0;
				TARGETED_DEVICE_FAMILY = "1,2";
			};
			name = Release;
		};
/* End XCBuildConfiguration section */

/* Begin XCConfigurationList section */
		CA17DD232F24BB4F00DC2502 /* Build configuration list for PBXProject "Printix MobilePrint" */ = {
			isa = XCConfigurationList;
			buildConfigurations = (
				CA17DD312F24BB4F00DC2502 /* Debug */,
				CA17DD322F24BB4F00DC2502 /* Release */,
			);
			defaultConfigurationIsVisible = 0;
			defaultConfigurationName = Release;
		};
		CA17DD332F24BB4F00DC2502 /* Build configuration list for PBXNativeTarget "Printix MobilePrint" */ = {
			isa = XCConfigurationList;
			buildConfigurations = (
				CA17DD342F24BB4F00DC2502 /* Debug */,
				CA17DD352F24BB4F00DC2502 /* Release */,
			);
			defaultConfigurationIsVisible = 0;
			defaultConfigurationName = Release;
		};
		CA4D33F42F27A11C00850FC2 /* Build configuration list for PBXNativeTarget "PrintixShareExtension" */ = {
			isa = XCConfigurationList;
			buildConfigurations = (
				CA4D33F52F27A11C00850FC2 /* Debug */,
				CA4D33F62F27A11C00850FC2 /* Release */,
			);
			defaultConfigurationIsVisible = 0;
			defaultConfigurationName = Release;
		};
/* End XCConfigurationList section */

/* Begin XCLocalSwiftPackageReference section */
		CA13A1AF2F9749BE001B6E19 /* XCLocalSwiftPackageReference "../../macos-client" */ = {
			isa = XCLocalSwiftPackageReference;
			relativePath = "../../macos-client";
		};
/* End XCLocalSwiftPackageReference section */

/* Begin XCSwiftPackageProductDependency section */
		CA13A1B02F9749BE001B6E19 /* PrintixSendCore */ = {
			isa = XCSwiftPackageProductDependency;
			productName = PrintixSendCore;
		};
		CA13A1B32F974A47001B6E19 /* PrintixSendCore */ = {
			isa = XCSwiftPackageProductDependency;
			package = CA13A1AF2F9749BE001B6E19 /* XCLocalSwiftPackageReference "../../macos-client" */;
			productName = PrintixSendCore;
		};
/* End XCSwiftPackageProductDependency section */
	};
	rootObject = CA17DD202F24BB4F00DC2502 /* Project object */;
}
